
Microsoft Visual Studio Solution File, Format Version 12.00
# Visual Studio Version 16
VisualStudioVersion = 16.0.32106.194
MinimumVisualStudioVersion = 10.0.40219.1
Project("{FAE04EC0-301F-11D3-BF4B-00C04F79EFBC}") = "TechSupport", "TechSupport\TechSupport.csproj", "{09AD737E-CAD9-4A85-9812-AF0AF4F44DB5}"
EndProject
Global
	GlobalSection(SolutionConfigurationPlatforms) = preSolution
		Debug|Any CPU = Debug|Any CPU
		Release|Any CPU = Release|Any CPU
	EndGlobalSection
	GlobalSection(ProjectConfigurationPlatforms) = postSolution
		{09AD737E-CAD9-4A85-9812-AF0AF4F44DB5}.Debug|Any CPU.ActiveCfg = Debug|Any CPU
		{09AD737E-CAD9-4A85-9812-AF0AF4F44DB5}.Debug|Any CPU.Build.0 = Debug|Any CPU
		{09AD737E-CAD9-4A85-9812-AF0AF4F44DB5}.Release|Any CPU.ActiveCfg = Release|Any CPU
		{09AD737E-CAD9-4A85-9812-AF0AF4F44DB5}.Release|Any CPU.Build.0 = Release|Any CPU
	EndGlobalSection
	GlobalSection(SolutionProperties) = preSolution
		HideSolutionNode = FALSE
	EndGlobalSection
	GlobalSection(ExtensibilityGlobals) = postSolution
		SolutionGuid = {E71AB15C-48B9-477E-AFC3-BA74AB92DBFF}
	EndGlobalSection
EndGlobal
